
Microsoft Visual Studio Solution File, Format Version 12.00
# Visual Studio Version 17
VisualStudioVersion = 17.7.34031.279
MinimumVisualStudioVersion = 10.0.40219.1
Project("{FAE04EC0-301F-11D3-BF4B-00C04F79EFBC}") = "WebTechProject", "WebTechProject.csproj", "{726902FD-0CE5-4902-9795-C23FE482EC48}"
EndProject
Global
	GlobalSection(SolutionConfigurationPlatforms) = preSolution
		Debug|Any CPU = Debug|Any CPU
		Release|Any CPU = Release|Any CPU
	EndGlobalSection
	GlobalSection(ProjectConfigurationPlatforms) = postSolution
		{726902FD-0CE5-4902-9795-C23FE482EC48}.Debug|Any CPU.ActiveCfg = Debug|Any CPU
		{726902FD-0CE5-4902-9795-C23FE482EC48}.Debug|Any CPU.Build.0 = Debug|Any CPU
		{726902FD-0CE5-4902-9795-C23FE482EC48}.Release|Any CPU.ActiveCfg = Release|Any CPU
		{726902FD-0CE5-4902-9795-C23FE482EC48}.Release|Any CPU.Build.0 = Release|Any CPU
	EndGlobalSection
	GlobalSection(SolutionProperties) = preSolution
		HideSolutionNode = FALSE
	EndGlobalSection
	GlobalSection(ExtensibilityGlobals) = postSolution
		SolutionGuid = {11AF7881-F6D6-4292-A56B-7718A750441E}
	EndGlobalSection
EndGlobal
